schema: '2.0'
stages:
  fetch_data:
    cmd: ./src/fetch_data.sh
    outs:
    - path: data/sample_submission.csv
      md5: e07af9cfb75c09d368437c2c1c7900e9
      size: 22746
    - path: data/test.csv
      md5: ff248529f207ea164d73636e5b1b251d
      size: 420783
    - path: data/train.csv
      md5: f147942c91d00d754503775341d13682
      size: 987712
  prepare_data:
    cmd: python src/prepare.py
    deps:
    - path: data/raw/train.csv
      md5: f147942c91d00d754503775341d13682
      size: 987712
    - path: src/prepare.py
      md5: c136e8e65e16f03e47a8db1ab17d43f6
      size: 2227
    outs:
    - path: data/prepared/labels.json
      md5: 9b82a809810ad0411147c95d06a5c946
      size: 22869
    - path: data/prepared/texts.json
      md5: 158c1657f6d3f1c0bcc3e69e1b815818
      size: 523215
    - path: data/prepared/vectorizer.joblib
      md5: 73becdc64b3d9fb89226f8eac132ba6b
      size: 160770
  train@LogisticRegression:
    cmd: python src/train.py --model-name=LogisticRegression
    deps:
    - path: data/prepared/labels.json
      md5: 9b82a809810ad0411147c95d06a5c946
      size: 22869
    - path: data/prepared/texts.json
      md5: 158c1657f6d3f1c0bcc3e69e1b815818
      size: 523215
    - path: data/prepared/vectorizer.joblib
      md5: 73becdc64b3d9fb89226f8eac132ba6b
      size: 160770
    - path: src/train.py
      md5: 85330c57da90c3a769acc31e9af84f36
      size: 1410
    outs:
    - path: models/LogisticRegression.joblib
      md5: 51df8980120aeb9ba01aa25083615b95
      size: 97267
    - path: models/LogisticRegression_train_metrics.json
      md5: e686cafb57e5c30085b8d9a8b355ea3d
      size: 32
  predict@LogisticRegression:
    cmd: python src/predict.py
    deps:
    - path: data/raw/test.csv
      md5: ff248529f207ea164d73636e5b1b251d
      size: 420783
    - path: models/LogisticRegression.joblib
      md5: 51df8980120aeb9ba01aa25083615b95
      size: 97267
    - path: src/predict.py
      md5: b564ad9b22b68f9f872ac8a18d2589e1
      size: 611
    outs:
    - path: data/predictions/LogisticRegression_prediction.csv
      md5: d41d8cd98f00b204e9800998ecf8427e
      size: 0
  test@LogisticRegression:
    cmd: python src/test.py
    deps:
    - path: models/LogisticRegression.joblib
      md5: 51df8980120aeb9ba01aa25083615b95
      size: 97267
    - path: src/test.py
      md5: 2acffa58ba262b60784e1576b212253d
      size: 1227
    outs:
    - path: models/LogisticRegression_test_metrics.json
      md5: 924ed9152e2af0cf9efae75d7478fd0b
      size: 32
