schema: '2.0'
stages:
  prepare_data@TFTokenizer:
    cmd: python src/prepare.py --preprocessor=TFTokenizer
    deps:
    - path: data/raw/train.csv
      md5: f147942c91d00d754503775341d13682
      size: 987712
    - path: src/prepare.py
      md5: 00dfdbef350577a0f037290a8a3be278
      size: 864
    - path: src/preprocessors/TFTokenizer.py
      md5: c3126f2412871ee2e68d63531ebdd80b
      size: 730
    - path: src/preprocessors/abstract.py
      md5: 080222362faa48306b9fbe8266c5ca75
      size: 2890
    outs:
    - path: data/prepared/TFTokenizer/labels.json
      md5: 76e06f8528ff37525b0f13d4dc8d6d0e
      size: 22860
    - path: data/prepared/TFTokenizer/preproc.joblib
      md5: 3a24900403bae62ef54c311d31488449
      size: 573253
    - path: data/prepared/TFTokenizer/texts.json
      md5: 64349d2cbdda6e5df8de19a0bc002e86
      size: 506441
  prepare_data@SKCountVectorizer:
    cmd: python src/prepare.py --preprocessor=SKCountVectorizer
    deps:
    - path: data/raw/train.csv
      md5: f147942c91d00d754503775341d13682
      size: 987712
    - path: src/prepare.py
      md5: 00dfdbef350577a0f037290a8a3be278
      size: 864
    - path: src/preprocessors/SKCountVectorizer.py
      md5: 3b8b5bd05c8f54c5f092aad27b90fc33
      size: 615
    - path: src/preprocessors/abstract.py
      md5: 080222362faa48306b9fbe8266c5ca75
      size: 2890
    outs:
    - path: data/prepared/SKCountVectorizer/labels.json
      md5: 76e06f8528ff37525b0f13d4dc8d6d0e
      size: 22860
    - path: data/prepared/SKCountVectorizer/preproc.joblib
      md5: 0f49c078c8f1d9c646d34dc93a8112c2
      size: 186414
    - path: data/prepared/SKCountVectorizer/texts.json
      md5: 64349d2cbdda6e5df8de19a0bc002e86
      size: 506441
  prepare_data@SKTfidfVectorizer:
    cmd: python src/prepare.py --preprocessor=SKTfidfVectorizer
    deps:
    - path: data/raw/train.csv
      md5: f147942c91d00d754503775341d13682
      size: 987712
    - path: src/prepare.py
      md5: 00dfdbef350577a0f037290a8a3be278
      size: 864
    - path: src/preprocessors/SKTfidfVectorizer.py
      md5: cc3b741196ac214750ff1b373550540f
      size: 637
    - path: src/preprocessors/abstract.py
      md5: 080222362faa48306b9fbe8266c5ca75
      size: 2890
    outs:
    - path: data/prepared/SKTfidfVectorizer/labels.json
      md5: 76e06f8528ff37525b0f13d4dc8d6d0e
      size: 22860
    - path: data/prepared/SKTfidfVectorizer/preproc.joblib
      md5: cc94c0a9ed793531ac709c492f2c989d
      size: 416938
    - path: data/prepared/SKTfidfVectorizer/texts.json
      md5: 64349d2cbdda6e5df8de19a0bc002e86
      size: 506441
